// !$*UTF8*$!
{
	archiveVersion = 1;
	classes = {
	};
	objectVersion = 50;
	objects = {

/* Begin PBXBuildFile section */
		E15386F02631F2DA005C45C6 /* FilmsViewModel.swift in Sources */ = {isa = PBXBuildFile; fileRef = E15386EF2631F2DA005C45C6 /* FilmsViewModel.swift */; };
		E1B2C13826306CA6008EF35E /* AppDelegate.swift in Sources */ = {isa = PBXBuildFile; fileRef = E1B2C13726306CA6008EF35E /* AppDelegate.swift */; };
		E1B2C13A26306CA6008EF35E /* SceneDelegate.swift in Sources */ = {isa = PBXBuildFile; fileRef = E1B2C13926306CA6008EF35E /* SceneDelegate.swift */; };
		E1B2C13C26306CA6008EF35E /* ViewController.swift in Sources */ = {isa = PBXBuildFile; fileRef = E1B2C13B26306CA6008EF35E /* ViewController.swift */; };
		E1B2C13F26306CA6008EF35E /* Main.storyboard in Resources */ = {isa = PBXBuildFile; fileRef = E1B2C13D26306CA6008EF35E /* Main.storyboard */; };
		E1B2C14126306CA7008EF35E /* Assets.xcassets in Resources */ = {isa = PBXBuildFile; fileRef = E1B2C14026306CA7008EF35E /* Assets.xcassets */; };
		E1B2C14426306CA7008EF35E /* LaunchScreen.storyboard in Resources */ = {isa = PBXBuildFile; fileRef = E1B2C14226306CA7008EF35E /* LaunchScreen.storyboard */; };
		E1B2C151263070C3008EF35E /* HTTPRouter.swift in Sources */ = {isa = PBXBuildFile; fileRef = E1B2C150263070C3008EF35E /* HTTPRouter.swift */; };
		E1B2C154263071B6008EF35E /* HTTPMethod.swift in Sources */ = {isa = PBXBuildFile; fileRef = E1B2C153263071B6008EF35E /* HTTPMethod.swift */; };
		E1B2C157263071F2008EF35E /* HTTPNetworkError.swift in Sources */ = {isa = PBXBuildFile; fileRef = E1B2C156263071F2008EF35E /* HTTPNetworkError.swift */; };
		E1B2C15A26307221008EF35E /* HTTPNetworkRequest.swift in Sources */ = {isa = PBXBuildFile; fileRef = E1B2C15926307221008EF35E /* HTTPNetworkRequest.swift */; };
		E1B2C15D2630757F008EF35E /* HTTPNetworkResponse.swift in Sources */ = {isa = PBXBuildFile; fileRef = E1B2C15C2630757F008EF35E /* HTTPNetworkResponse.swift */; };
		E1B2C160263080AA008EF35E /* URLEncoder.swift in Sources */ = {isa = PBXBuildFile; fileRef = E1B2C15F263080AA008EF35E /* URLEncoder.swift */; };
		E1B2C16326308277008EF35E /* Result.swift in Sources */ = {isa = PBXBuildFile; fileRef = E1B2C16226308277008EF35E /* Result.swift */; };
		E1B2C166263082E1008EF35E /* APIService.swift in Sources */ = {isa = PBXBuildFile; fileRef = E1B2C165263082E1008EF35E /* APIService.swift */; };
		E1B2C16A263083B4008EF35E /* Film.swift in Sources */ = {isa = PBXBuildFile; fileRef = E1B2C169263083B4008EF35E /* Film.swift */; };
/* End PBXBuildFile section */

/* Begin PBXFileReference section */
		E15386EF2631F2DA005C45C6 /* FilmsViewModel.swift */ = {isa = PBXFileReference; lastKnownFileType = sourcecode.swift; path = FilmsViewModel.swift; sourceTree = "<group>"; };
		E1B2C13426306CA6008EF35E /* SwiftNetworkingPractice.app */ = {isa = PBXFileReference; explicitFileType = wrapper.application; includeInIndex = 0; path = SwiftNetworkingPractice.app; sourceTree = BUILT_PRODUCTS_DIR; };
		E1B2C13726306CA6008EF35E /* AppDelegate.swift */ = {isa = PBXFileReference; lastKnownFileType = sourcecode.swift; path = AppDelegate.swift; sourceTree = "<group>"; };
		E1B2C13926306CA6008EF35E /* SceneDelegate.swift */ = {isa = PBXFileReference; lastKnownFileType = sourcecode.swift; path = SceneDelegate.swift; sourceTree = "<group>"; };
		E1B2C13B26306CA6008EF35E /* ViewController.swift */ = {isa = PBXFileReference; lastKnownFileType = sourcecode.swift; path = ViewController.swift; sourceTree = "<group>"; };
		E1B2C13E26306CA6008EF35E /* Base */ = {isa = PBXFileReference; lastKnownFileType = file.storyboard; name = Base; path = Base.lproj/Main.storyboard; sourceTree = "<group>"; };
		E1B2C14026306CA7008EF35E /* Assets.xcassets */ = {isa = PBXFileReference; lastKnownFileType = folder.assetcatalog; path = Assets.xcassets; sourceTree = "<group>"; };
		E1B2C14326306CA7008EF35E /* Base */ = {isa = PBXFileReference; lastKnownFileType = file.storyboard; name = Base; path = Base.lproj/LaunchScreen.storyboard; sourceTree = "<group>"; };
		E1B2C14526306CA7008EF35E /* Info.plist */ = {isa = PBXFileReference; lastKnownFileType = text.plist.xml; path = Info.plist; sourceTree = "<group>"; };
		E1B2C150263070C3008EF35E /* HTTPRouter.swift */ = {isa = PBXFileReference; lastKnownFileType = sourcecode.swift; path = HTTPRouter.swift; sourceTree = "<group>"; };
		E1B2C153263071B6008EF35E /* HTTPMethod.swift */ = {isa = PBXFileReference; lastKnownFileType = sourcecode.swift; path = HTTPMethod.swift; sourceTree = "<group>"; };
		E1B2C156263071F2008EF35E /* HTTPNetworkError.swift */ = {isa = PBXFileReference; lastKnownFileType = sourcecode.swift; path = HTTPNetworkError.swift; sourceTree = "<group>"; };
		E1B2C15926307221008EF35E /* HTTPNetworkRequest.swift */ = {isa = PBXFileReference; lastKnownFileType = sourcecode.swift; path = HTTPNetworkRequest.swift; sourceTree = "<group>"; };
		E1B2C15C2630757F008EF35E /* HTTPNetworkResponse.swift */ = {isa = PBXFileReference; lastKnownFileType = sourcecode.swift; path = HTTPNetworkResponse.swift; sourceTree = "<group>"; };
		E1B2C15F263080AA008EF35E /* URLEncoder.swift */ = {isa = PBXFileReference; lastKnownFileType = sourcecode.swift; path = URLEncoder.swift; sourceTree = "<group>"; };
		E1B2C16226308277008EF35E /* Result.swift */ = {isa = PBXFileReference; lastKnownFileType = sourcecode.swift; path = Result.swift; sourceTree = "<group>"; };
		E1B2C165263082E1008EF35E /* APIService.swift */ = {isa = PBXFileReference; lastKnownFileType = sourcecode.swift; path = APIService.swift; sourceTree = "<group>"; };
		E1B2C169263083B4008EF35E /* Film.swift */ = {isa = PBXFileReference; lastKnownFileType = sourcecode.swift; path = Film.swift; sourceTree = "<group>"; };
/* End PBXFileReference section */

/* Begin PBXFrameworksBuildPhase section */
		E1B2C13126306CA6008EF35E /* Frameworks */ = {
			isa = PBXFrameworksBuildPhase;
			buildActionMask = 2147483647;
			files = (
			);
			runOnlyForDeploymentPostprocessing = 0;
		};
/* End PBXFrameworksBuildPhase section */

/* Begin PBXGroup section */
		E15386EB2631F1C7005C45C6 /* View */ = {
			isa = PBXGroup;
			children = (
				E1B2C13D26306CA6008EF35E /* Main.storyboard */,
			);
			path = View;
			sourceTree = "<group>";
		};
		E15386EC2631F1E2005C45C6 /* ViewModel */ = {
			isa = PBXGroup;
			children = (
				E15386EF2631F2DA005C45C6 /* FilmsViewModel.swift */,
			);
			path = ViewModel;
			sourceTree = "<group>";
		};
		E15386ED2631F1EF005C45C6 /* Controller */ = {
			isa = PBXGroup;
			children = (
				E1B2C13B26306CA6008EF35E /* ViewController.swift */,
			);
			path = Controller;
			sourceTree = "<group>";
		};
		E15386EE2631F266005C45C6 /* Application */ = {
			isa = PBXGroup;
			children = (
				E1B2C13726306CA6008EF35E /* AppDelegate.swift */,
				E1B2C13926306CA6008EF35E /* SceneDelegate.swift */,
				E1B2C14226306CA7008EF35E /* LaunchScreen.storyboard */,
			);
			path = Application;
			sourceTree = "<group>";
		};
		E1B2C12B26306CA6008EF35E = {
			isa = PBXGroup;
			children = (
				E1B2C13626306CA6008EF35E /* SwiftNetworkingPractice */,
				E1B2C13526306CA6008EF35E /* Products */,
			);
			sourceTree = "<group>";
		};
		E1B2C13526306CA6008EF35E /* Products */ = {
			isa = PBXGroup;
			children = (
				E1B2C13426306CA6008EF35E /* SwiftNetworkingPractice.app */,
			);
			name = Products;
			sourceTree = "<group>";
		};
		E1B2C13626306CA6008EF35E /* SwiftNetworkingPractice */ = {
			isa = PBXGroup;
			children = (
				E15386EE2631F266005C45C6 /* Application */,
				E1B2C168263083A2008EF35E /* Model */,
				E15386EB2631F1C7005C45C6 /* View */,
				E15386EC2631F1E2005C45C6 /* ViewModel */,
				E15386ED2631F1EF005C45C6 /* Controller */,
				E1B2C14C2630706C008EF35E /* Networking */,
				E1B2C14526306CA7008EF35E /* Info.plist */,
				E1B2C14026306CA7008EF35E /* Assets.xcassets */,
			);
			path = SwiftNetworkingPractice;
			sourceTree = "<group>";
		};
		E1B2C14C2630706C008EF35E /* Networking */ = {
			isa = PBXGroup;
			children = (
				E1B2C14D26307079008EF35E /* HTTP */,
				E1B2C14E2630707F008EF35E /* Encoding */,
				E1B2C14F26307085008EF35E /* Service */,
			);
			path = Networking;
			sourceTree = "<group>";
		};
		E1B2C14D26307079008EF35E /* HTTP */ = {
			isa = PBXGroup;
			children = (
				E1B2C150263070C3008EF35E /* HTTPRouter.swift */,
				E1B2C153263071B6008EF35E /* HTTPMethod.swift */,
				E1B2C15C2630757F008EF35E /* HTTPNetworkResponse.swift */,
				E1B2C156263071F2008EF35E /* HTTPNetworkError.swift */,
				E1B2C15926307221008EF35E /* HTTPNetworkRequest.swift */,
				E1B2C16226308277008EF35E /* Result.swift */,
			);
			path = HTTP;
			sourceTree = "<group>";
		};
		E1B2C14E2630707F008EF35E /* Encoding */ = {
			isa = PBXGroup;
			children = (
				E1B2C15F263080AA008EF35E /* URLEncoder.swift */,
			);
			path = Encoding;
			sourceTree = "<group>";
		};
		E1B2C14F26307085008EF35E /* Service */ = {
			isa = PBXGroup;
			children = (
				E1B2C165263082E1008EF35E /* APIService.swift */,
			);
			path = Service;
			sourceTree = "<group>";
		};
		E1B2C168263083A2008EF35E /* Model */ = {
			isa = PBXGroup;
			children = (
				E1B2C169263083B4008EF35E /* Film.swift */,
			);
			path = Model;
			sourceTree = "<group>";
		};
/* End PBXGroup section */

/* Begin PBXNativeTarget section */
		E1B2C13326306CA6008EF35E /* SwiftNetworkingPractice */ = {
			isa = PBXNativeTarget;
			buildConfigurationList = E1B2C14826306CA7008EF35E /* Build configuration list for PBXNativeTarget "SwiftNetworkingPractice" */;
			buildPhases = (
				E1B2C13026306CA6008EF35E /* Sources */,
				E1B2C13126306CA6008EF35E /* Frameworks */,
				E1B2C13226306CA6008EF35E /* Resources */,
			);
			buildRules = (
			);
			dependencies = (
			);
			name = SwiftNetworkingPractice;
			productName = SwiftNetworkingPractice;
			productReference = E1B2C13426306CA6008EF35E /* SwiftNetworkingPractice.app */;
			productType = "com.apple.product-type.application";
		};
/* End PBXNativeTarget section */

/* Begin PBXProject section */
		E1B2C12C26306CA6008EF35E /* Project object */ = {
			isa = PBXProject;
			attributes = {
				LastSwiftUpdateCheck = 1240;
				LastUpgradeCheck = 1240;
				TargetAttributes = {
					E1B2C13326306CA6008EF35E = {
						CreatedOnToolsVersion = 12.4;
					};
				};
			};
			buildConfigurationList = E1B2C12F26306CA6008EF35E /* Build configuration list for PBXProject "SwiftNetworkingPractice" */;
			compatibilityVersion = "Xcode 9.3";
			developmentRegion = en;
			hasScannedForEncodings = 0;
			knownRegions = (
				en,
				Base,
			);
			mainGroup = E1B2C12B26306CA6008EF35E;
			productRefGroup = E1B2C13526306CA6008EF35E /* Products */;
			projectDirPath = "";
			projectRoot = "";
			targets = (
				E1B2C13326306CA6008EF35E /* SwiftNetworkingPractice */,
			);
		};
/* End PBXProject section */

/* Begin PBXResourcesBuildPhase section */
		E1B2C13226306CA6008EF35E /* Resources */ = {
			isa = PBXResourcesBuildPhase;
			buildActionMask = 2147483647;
			files = (
				E1B2C14426306CA7008EF35E /* LaunchScreen.storyboard in Resources */,
				E1B2C14126306CA7008EF35E /* Assets.xcassets in Resources */,
				E1B2C13F26306CA6008EF35E /* Main.storyboard in Resources */,
			);
			runOnlyForDeploymentPostprocessing = 0;
		};
/* End PBXResourcesBuildPhase section */

/* Begin PBXSourcesBuildPhase section */
		E1B2C13026306CA6008EF35E /* Sources */ = {
			isa = PBXSourcesBuildPhase;
			buildActionMask = 2147483647;
			files = (
				E1B2C166263082E1008EF35E /* APIService.swift in Sources */,
				E1B2C15A26307221008EF35E /* HTTPNetworkRequest.swift in Sources */,
				E1B2C13C26306CA6008EF35E /* ViewController.swift in Sources */,
				E1B2C157263071F2008EF35E /* HTTPNetworkError.swift in Sources */,
				E1B2C160263080AA008EF35E /* URLEncoder.swift in Sources */,
				E1B2C13826306CA6008EF35E /* AppDelegate.swift in Sources */,
				E15386F02631F2DA005C45C6 /* FilmsViewModel.swift in Sources */,
				E1B2C151263070C3008EF35E /* HTTPRouter.swift in Sources */,
				E1B2C16A263083B4008EF35E /* Film.swift in Sources */,
				E1B2C16326308277008EF35E /* Result.swift in Sources */,
				E1B2C15D2630757F008EF35E /* HTTPNetworkResponse.swift in Sources */,
				E1B2C154263071B6008EF35E /* HTTPMethod.swift in Sources */,
				E1B2C13A26306CA6008EF35E /* SceneDelegate.swift in Sources */,
			);
			runOnlyForDeploymentPostprocessing = 0;
		};
/* End PBXSourcesBuildPhase section */

/* Begin PBXVariantGroup section */
		E1B2C13D26306CA6008EF35E /* Main.storyboard */ = {
			isa = PBXVariantGroup;
			children = (
				E1B2C13E26306CA6008EF35E /* Base */,
			);
			name = Main.storyboard;
			sourceTree = "<group>";
		};
		E1B2C14226306CA7008EF35E /* LaunchScreen.storyboard */ = {
			isa = PBXVariantGroup;
			children = (
				E1B2C14326306CA7008EF35E /* Base */,
			);
			name = LaunchScreen.storyboard;
			sourceTree = "<group>";
		};
/* End PBXVariantGroup section */

/* Begin XCBuildConfiguration section */
		E1B2C14626306CA7008EF35E /* Debug */ = {
			isa = XCBuildConfiguration;
			buildSettings = {
				ALWAYS_SEARCH_USER_PATHS = NO;
				CLANG_ANALYZER_NONNULL = YES;
				CLANG_ANALYZER_NUMBER_OBJECT_CONVERSION = YES_AGGRESSIVE;
				CLANG_CXX_LANGUAGE_STANDARD = "gnu++14";
				CLANG_CXX_LIBRARY = "libc++";
				CLANG_ENABLE_MODULES = YES;
				CLANG_ENABLE_OBJC_ARC = YES;
				CLANG_ENABLE_OBJC_WEAK = YES;
				CLANG_WARN_BLOCK_CAPTURE_AUTORELEASING = YES;
				CLANG_WARN_BOOL_CONVERSION = YES;
				CLANG_WARN_COMMA = YES;
				CLANG_WARN_CONSTANT_CONVERSION = YES;
				CLANG_WARN_DEPRECATED_OBJC_IMPLEMENTATIONS = YES;
				CLANG_WARN_DIRECT_OBJC_ISA_USAGE = YES_ERROR;
				CLANG_WARN_DOCUMENTATION_COMMENTS = YES;
				CLANG_WARN_EMPTY_BODY = YES;
				CLANG_WARN_ENUM_CONVERSION = YES;
				CLANG_WARN_INFINITE_RECURSION = YES;
				CLANG_WARN_INT_CONVERSION = YES;
				CLANG_WARN_NON_LITERAL_NULL_CONVERSION = YES;
				CLANG_WARN_OBJC_IMPLICIT_RETAIN_SELF = YES;
				CLANG_WARN_OBJC_LITERAL_CONVERSION = YES;
				CLANG_WARN_OBJC_ROOT_CLASS = YES_ERROR;
				CLANG_WARN_QUOTED_INCLUDE_IN_FRAMEWORK_HEADER = YES;
				CLANG_WARN_RANGE_LOOP_ANALYSIS = YES;
				CLANG_WARN_STRICT_PROTOTYPES = YES;
				CLANG_WARN_SUSPICIOUS_MOVE = YES;
				CLANG_WARN_UNGUARDED_AVAILABILITY = YES_AGGRESSIVE;
				CLANG_WARN_UNREACHABLE_CODE = YES;
				CLANG_WARN__DUPLICATE_METHOD_MATCH = YES;
				COPY_PHASE_STRIP = NO;
				DEBUG_INFORMATION_FORMAT = dwarf;
				ENABLE_STRICT_OBJC_MSGSEND = YES;
				ENABLE_TESTABILITY = YES;
				GCC_C_LANGUAGE_STANDARD = gnu11;
				GCC_DYNAMIC_NO_PIC = NO;
				GCC_NO_COMMON_BLOCKS = YES;
				GCC_OPTIMIZATION_LEVEL = 0;
				GCC_PREPROCESSOR_DEFINITIONS = (
					"DEBUG=1",
					"$(inherited)",
				);
				GCC_WARN_64_TO_32_BIT_CONVERSION = YES;
				GCC_WARN_ABOUT_RETURN_TYPE = YES_ERROR;
				GCC_WARN_UNDECLARED_SELECTOR = YES;
				GCC_WARN_UNINITIALIZED_AUTOS = YES_AGGRESSIVE;
				GCC_WARN_UNUSED_FUNCTION = YES;
				GCC_WARN_UNUSED_VARIABLE = YES;
				IPHONEOS_DEPLOYMENT_TARGET = 14.4;
				MTL_ENABLE_DEBUG_INFO = INCLUDE_SOURCE;
				MTL_FAST_MATH = YES;
				ONLY_ACTIVE_ARCH = YES;
				SDKROOT = iphoneos;
				SWIFT_ACTIVE_COMPILATION_CONDITIONS = DEBUG;
				SWIFT_OPTIMIZATION_LEVEL = "-Onone";
			};
			name = Debug;
		};
		E1B2C14726306CA7008EF35E /* Release */ = {
			isa = XCBuildConfiguration;
			buildSettings = {
				ALWAYS_SEARCH_USER_PATHS = NO;
				CLANG_ANALYZER_NONNULL = YES;
				CLANG_ANALYZER_NUMBER_OBJECT_CONVERSION = YES_AGGRESSIVE;
				CLANG_CXX_LANGUAGE_STANDARD = "gnu++14";
				CLANG_CXX_LIBRARY = "libc++";
				CLANG_ENABLE_MODULES = YES;
				CLANG_ENABLE_OBJC_ARC = YES;
				CLANG_ENABLE_OBJC_WEAK = YES;
				CLANG_WARN_BLOCK_CAPTURE_AUTORELEASING = YES;
				CLANG_WARN_BOOL_CONVERSION = YES;
				CLANG_WARN_COMMA = YES;
				CLANG_WARN_CONSTANT_CONVERSION = YES;
				CLANG_WARN_DEPRECATED_OBJC_IMPLEMENTATIONS = YES;
				CLANG_WARN_DIRECT_OBJC_ISA_USAGE = YES_ERROR;
				CLANG_WARN_DOCUMENTATION_COMMENTS = YES;
				CLANG_WARN_EMPTY_BODY = YES;
				CLANG_WARN_ENUM_CONVERSION = YES;
				CLANG_WARN_INFINITE_RECURSION = YES;
				CLANG_WARN_INT_CONVERSION = YES;
				CLANG_WARN_NON_LITERAL_NULL_CONVERSION = YES;
				CLANG_WARN_OBJC_IMPLICIT_RETAIN_SELF = YES;
				CLANG_WARN_OBJC_LITERAL_CONVERSION = YES;
				CLANG_WARN_OBJC_ROOT_CLASS = YES_ERROR;
				CLANG_WARN_QUOTED_INCLUDE_IN_FRAMEWORK_HEADER = YES;
				CLANG_WARN_RANGE_LOOP_ANALYSIS = YES;
				CLANG_WARN_STRICT_PROTOTYPES = YES;
				CLANG_WARN_SUSPICIOUS_MOVE = YES;
				CLANG_WARN_UNGUARDED_AVAILABILITY = YES_AGGRESSIVE;
				CLANG_WARN_UNREACHABLE_CODE = YES;
				CLANG_WARN__DUPLICATE_METHOD_MATCH = YES;
				COPY_PHASE_STRIP = NO;
				DEBUG_INFORMATION_FORMAT = "dwarf-with-dsym";
				ENABLE_NS_ASSERTIONS = NO;
				ENABLE_STRICT_OBJC_MSGSEND = YES;
				GCC_C_LANGUAGE_STANDARD = gnu11;
				GCC_NO_COMMON_BLOCKS = YES;
				GCC_WARN_64_TO_32_BIT_CONVERSION = YES;
				GCC_WARN_ABOUT_RETURN_TYPE = YES_ERROR;
				GCC_WARN_UNDECLARED_SELECTOR = YES;
				GCC_WARN_UNINITIALIZED_AUTOS = YES_AGGRESSIVE;
				GCC_WARN_UNUSED_FUNCTION = YES;
				GCC_WARN_UNUSED_VARIABLE = YES;
				IPHONEOS_DEPLOYMENT_TARGET = 14.4;
				MTL_ENABLE_DEBUG_INFO = NO;
				MTL_FAST_MATH = YES;
				SDKROOT = iphoneos;
				SWIFT_COMPILATION_MODE = wholemodule;
				SWIFT_OPTIMIZATION_LEVEL = "-O";
				VALIDATE_PRODUCT = YES;
			};
			name = Release;
		};
		E1B2C14926306CA7008EF35E /* Debug */ = {
			isa = XCBuildConfiguration;
			buildSettings = {
				ASSETCATALOG_COMPILER_APPICON_NAME = AppIcon;
				ASSETCATALOG_COMPILER_GLOBAL_ACCENT_COLOR_NAME = AccentColor;
				CODE_SIGN_STYLE = Automatic;
				DEVELOPMENT_TEAM = GBBFD52US3;
				INFOPLIST_FILE = SwiftNetworkingPractice/Info.plist;
				LD_RUNPATH_SEARCH_PATHS = (
					"$(inherited)",
					"@executable_path/Frameworks",
				);
				PRODUCT_BUNDLE_IDENTIFIER = com.alvinmatthew.SwiftNetworkingPractice;
				PRODUCT_NAME = "$(TARGET_NAME)";
				SWIFT_VERSION = 5.0;
				TARGETED_DEVICE_FAMILY = "1,2";
			};
			name = Debug;
		};
		E1B2C14A26306CA7008EF35E /* Release */ = {
			isa = XCBuildConfiguration;
			buildSettings = {
				ASSETCATALOG_COMPILER_APPICON_NAME = AppIcon;
				ASSETCATALOG_COMPILER_GLOBAL_ACCENT_COLOR_NAME = AccentColor;
				CODE_SIGN_STYLE = Automatic;
				DEVELOPMENT_TEAM = GBBFD52US3;
				INFOPLIST_FILE = SwiftNetworkingPractice/Info.plist;
				LD_RUNPATH_SEARCH_PATHS = (
					"$(inherited)",
					"@executable_path/Frameworks",
				);
				PRODUCT_BUNDLE_IDENTIFIER = com.alvinmatthew.SwiftNetworkingPractice;
				PRODUCT_NAME = "$(TARGET_NAME)";
				SWIFT_VERSION = 5.0;
				TARGETED_DEVICE_FAMILY = "1,2";
			};
			name = Release;
		};
/* End XCBuildConfiguration section */

/* Begin XCConfigurationList section */
		E1B2C12F26306CA6008EF35E /* Build configuration list for PBXProject "SwiftNetworkingPractice" */ = {
			isa = XCConfigurationList;
			buildConfigurations = (
				E1B2C14626306CA7008EF35E /* Debug */,
				E1B2C14726306CA7008EF35E /* Release */,
			);
			defaultConfigurationIsVisible = 0;
			defaultConfigurationName = Release;
		};
		E1B2C14826306CA7008EF35E /* Build configuration list for PBXNativeTarget "SwiftNetworkingPractice" */ = {
			isa = XCConfigurationList;
			buildConfigurations = (
				E1B2C14926306CA7008EF35E /* Debug */,
				E1B2C14A26306CA7008EF35E /* Release */,
			);
			defaultConfigurationIsVisible = 0;
			defaultConfigurationName = Release;
		};
/* End XCConfigurationList section */
	};
	rootObject = E1B2C12C26306CA6008EF35E /* Project object */;
}
